// !$*UTF8*$!
{
	archiveVersion = 1;
	classes = {
	};
	objectVersion = 46;
	objects = {

/* Begin PBXBuildFile section */
		7F39ADB61886F9AC00CED7B1 /* Foundation.framework in Frameworks */ = {isa = PBXBuildFile; fileRef = 7F39ADB51886F9AC00CED7B1 /* Foundation.framework */; };
		7F39ADB81886F9AC00CED7B1 /* CoreGraphics.framework in Frameworks */ = {isa = PBXBuildFile; fileRef = 7F39ADB71886F9AC00CED7B1 /* CoreGraphics.framework */; };
		7F39ADBA1886F9AC00CED7B1 /* UIKit.framework in Frameworks */ = {isa = PBXBuildFile; fileRef = 7F39ADB91886F9AC00CED7B1 /* UIKit.framework */; };
		7F39ADC01886F9AC00CED7B1 /* InfoPlist.strings in Resources */ = {isa = PBXBuildFile; fileRef = 7F39ADBE1886F9AC00CED7B1 /* InfoPlist.strings */; };
		7F39ADC21886F9AC00CED7B1 /* main.m in Sources */ = {isa = PBXBuildFile; fileRef = 7F39ADC11886F9AC00CED7B1 /* main.m */; };
		7F39ADC61886F9AC00CED7B1 /* AppDelegate.m in Sources */ = {isa = PBXBuildFile; fileRef = 7F39ADC51886F9AC00CED7B1 /* AppDelegate.m */; };
		7F39ADC91886F9AC00CED7B1 /* Main.storyboard in Resources */ = {isa = PBXBuildFile; fileRef = 7F39ADC71886F9AC00CED7B1 /* Main.storyboard */; };
		7F39ADCC1886F9AC00CED7B1 /* ViewController.m in Sources */ = {isa = PBXBuildFile; fileRef = 7F39ADCB1886F9AC00CED7B1 /* ViewController.m */; };
		7F39ADCE1886F9AC00CED7B1 /* Images.xcassets in Resources */ = {isa = PBXBuildFile; fileRef = 7F39ADCD1886F9AC00CED7B1 /* Images.xcassets */; };
		7F39ADD51886F9AC00CED7B1 /* XCTest.framework in Frameworks */ = {isa = PBXBuildFile; fileRef = 7F39ADD41886F9AC00CED7B1 /* XCTest.framework */; };
		7F39ADD61886F9AC00CED7B1 /* Foundation.framework in Frameworks */ = {isa = PBXBuildFile; fileRef = 7F39ADB51886F9AC00CED7B1 /* Foundation.framework */; };
		7F39ADD71886F9AC00CED7B1 /* UIKit.framework in Frameworks */ = {isa = PBXBuildFile; fileRef = 7F39ADB91886F9AC00CED7B1 /* UIKit.framework */; };
		7F39ADDF1886F9AC00CED7B1 /* InfoPlist.strings in Resources */ = {isa = PBXBuildFile; fileRef = 7F39ADDD1886F9AC00CED7B1 /* InfoPlist.strings */; };
		7F39ADEC1886F9E600CED7B1 /* BYLBadgeView.m in Sources */ = {isa = PBXBuildFile; fileRef = 7F39ADEB1886F9E600CED7B1 /* BYLBadgeView.m */; };
		7F39ADEE1886FA0E00CED7B1 /* BYLBadgeView_Tests.m in Sources */ = {isa = PBXBuildFile; fileRef = 7F39ADED1886FA0E00CED7B1 /* BYLBadgeView_Tests.m */; };
		7F39ADF118870D0200CED7B1 /* BYLBadgeViewLayer.m in Sources */ = {isa = PBXBuildFile; fileRef = 7F39ADF018870D0200CED7B1 /* BYLBadgeViewLayer.m */; };
		7F39ADF318870D1400CED7B1 /* BYLBadgeViewLayer_Tests.m in Sources */ = {isa = PBXBuildFile; fileRef = 7F39ADF218870D1400CED7B1 /* BYLBadgeViewLayer_Tests.m */; };
/* End PBXBuildFile section */

/* Begin PBXContainerItemProxy section */
		7F39ADD81886F9AC00CED7B1 /* PBXContainerItemProxy */ = {
			isa = PBXContainerItemProxy;
			containerPortal = 7F39ADAA1886F9AC00CED7B1 /* Project object */;
			proxyType = 1;
			remoteGlobalIDString = 7F39ADB11886F9AC00CED7B1;
			remoteInfo = BYLBadgeView;
		};
/* End PBXContainerItemProxy section */

/* Begin PBXFileReference section */
		7F39ADB21886F9AC00CED7B1 /* BYLBadgeView.app */ = {isa = PBXFileReference; explicitFileType = wrapper.application; includeInIndex = 0; path = BYLBadgeView.app; sourceTree = BUILT_PRODUCTS_DIR; };
		7F39ADB51886F9AC00CED7B1 /* Foundation.framework */ = {isa = PBXFileReference; lastKnownFileType = wrapper.framework; name = Foundation.framework; path = System/Library/Frameworks/Foundation.framework; sourceTree = SDKROOT; };
		7F39ADB71886F9AC00CED7B1 /* CoreGraphics.framework */ = {isa = PBXFileReference; lastKnownFileType = wrapper.framework; name = CoreGraphics.framework; path = System/Library/Frameworks/CoreGraphics.framework; sourceTree = SDKROOT; };
		7F39ADB91886F9AC00CED7B1 /* UIKit.framework */ = {isa = PBXFileReference; lastKnownFileType = wrapper.framework; name = UIKit.framework; path = System/Library/Frameworks/UIKit.framework; sourceTree = SDKROOT; };
		7F39ADBD1886F9AC00CED7B1 /* BYLBadgeView-Info.plist */ = {isa = PBXFileReference; lastKnownFileType = text.plist.xml; path = "BYLBadgeView-Info.plist"; sourceTree = "<group>"; };
		7F39ADBF1886F9AC00CED7B1 /* en */ = {isa = PBXFileReference; lastKnownFileType = text.plist.strings; name = en; path = en.lproj/InfoPlist.strings; sourceTree = "<group>"; };
		7F39ADC11886F9AC00CED7B1 /* main.m */ = {isa = PBXFileReference; lastKnownFileType = sourcecode.c.objc; path = main.m; sourceTree = "<group>"; };
		7F39ADC31886F9AC00CED7B1 /* BYLBadgeView-Prefix.pch */ = {isa = PBXFileReference; lastKnownFileType = sourcecode.c.h; path = "BYLBadgeView-Prefix.pch"; sourceTree = "<group>"; };
		7F39ADC41886F9AC00CED7B1 /* AppDelegate.h */ = {isa = PBXFileReference; lastKnownFileType = sourcecode.c.h; path = AppDelegate.h; sourceTree = "<group>"; };
		7F39ADC51886F9AC00CED7B1 /* AppDelegate.m */ = {isa = PBXFileReference; lastKnownFileType = sourcecode.c.objc; path = AppDelegate.m; sourceTree = "<group>"; };
		7F39ADC81886F9AC00CED7B1 /* Base */ = {isa = PBXFileReference; lastKnownFileType = file.storyboard; name = Base; path = Base.lproj/Main.storyboard; sourceTree = "<group>"; };
		7F39ADCA1886F9AC00CED7B1 /* ViewController.h */ = {isa = PBXFileReference; lastKnownFileType = sourcecode.c.h; path = ViewController.h; sourceTree = "<group>"; };
		7F39ADCB1886F9AC00CED7B1 /* ViewController.m */ = {isa = PBXFileReference; lastKnownFileType = sourcecode.c.objc; path = ViewController.m; sourceTree = "<group>"; };
		7F39ADCD1886F9AC00CED7B1 /* Images.xcassets */ = {isa = PBXFileReference; lastKnownFileType = folder.assetcatalog; path = Images.xcassets; sourceTree = "<group>"; };
		7F39ADD31886F9AC00CED7B1 /* BYLBadgeViewTests.xctest */ = {isa = PBXFileReference; explicitFileType = wrapper.cfbundle; includeInIndex = 0; path = BYLBadgeViewTests.xctest; sourceTree = BUILT_PRODUCTS_DIR; };
		7F39ADD41886F9AC00CED7B1 /* XCTest.framework */ = {isa = PBXFileReference; lastKnownFileType = wrapper.framework; name = XCTest.framework; path = Library/Frameworks/XCTest.framework; sourceTree = DEVELOPER_DIR; };
		7F39ADDC1886F9AC00CED7B1 /* BYLBadgeViewTests-Info.plist */ = {isa = PBXFileReference; lastKnownFileType = text.plist.xml; path = "BYLBadgeViewTests-Info.plist"; sourceTree = "<group>"; };
		7F39ADDE1886F9AC00CED7B1 /* en */ = {isa = PBXFileReference; lastKnownFileType = text.plist.strings; name = en; path = en.lproj/InfoPlist.strings; sourceTree = "<group>"; };
		7F39ADEA1886F9E600CED7B1 /* BYLBadgeView.h */ = {isa = PBXFileReference; fileEncoding = 4; lastKnownFileType = sourcecode.c.h; name = BYLBadgeView.h; path = Sources/BYLBadgeView.h; sourceTree = SOURCE_ROOT; };
		7F39ADEB1886F9E600CED7B1 /* BYLBadgeView.m */ = {isa = PBXFileReference; fileEncoding = 4; lastKnownFileType = sourcecode.c.objc; name = BYLBadgeView.m; path = Sources/BYLBadgeView.m; sourceTree = SOURCE_ROOT; };
		7F39ADED1886FA0E00CED7B1 /* BYLBadgeView_Tests.m */ = {isa = PBXFileReference; fileEncoding = 4; lastKnownFileType = sourcecode.c.objc; path = BYLBadgeView_Tests.m; sourceTree = "<group>"; };
		7F39ADEF18870D0200CED7B1 /* BYLBadgeViewLayer.h */ = {isa = PBXFileReference; fileEncoding = 4; lastKnownFileType = sourcecode.c.h; name = BYLBadgeViewLayer.h; path = Sources/BYLBadgeViewLayer.h; sourceTree = SOURCE_ROOT; };
		7F39ADF018870D0200CED7B1 /* BYLBadgeViewLayer.m */ = {isa = PBXFileReference; fileEncoding = 4; lastKnownFileType = sourcecode.c.objc; name = BYLBadgeViewLayer.m; path = Sources/BYLBadgeViewLayer.m; sourceTree = SOURCE_ROOT; };
		7F39ADF218870D1400CED7B1 /* BYLBadgeViewLayer_Tests.m */ = {isa = PBXFileReference; fileEncoding = 4; lastKnownFileType = sourcecode.c.objc; path = BYLBadgeViewLayer_Tests.m; sourceTree = "<group>"; };
/* End PBXFileReference section */

/* Begin PBXFrameworksBuildPhase section */
		7F39ADAF1886F9AC00CED7B1 /* Frameworks */ = {
			isa = PBXFrameworksBuildPhase;
			buildActionMask = 2147483647;
			files = (
				7F39ADB81886F9AC00CED7B1 /* CoreGraphics.framework in Frameworks */,
				7F39ADBA1886F9AC00CED7B1 /* UIKit.framework in Frameworks */,
				7F39ADB61886F9AC00CED7B1 /* Foundation.framework in Frameworks */,
			);
			runOnlyForDeploymentPostprocessing = 0;
		};
		7F39ADD01886F9AC00CED7B1 /* Frameworks */ = {
			isa = PBXFrameworksBuildPhase;
			buildActionMask = 2147483647;
			files = (
				7F39ADD51886F9AC00CED7B1 /* XCTest.framework in Frameworks */,
				7F39ADD71886F9AC00CED7B1 /* UIKit.framework in Frameworks */,
				7F39ADD61886F9AC00CED7B1 /* Foundation.framework in Frameworks */,
			);
			runOnlyForDeploymentPostprocessing = 0;
		};
/* End PBXFrameworksBuildPhase section */

/* Begin PBXGroup section */
		7F39ADA91886F9AC00CED7B1 = {
			isa = PBXGroup;
			children = (
				7F39ADBB1886F9AC00CED7B1 /* BYLBadgeView */,
				7F39ADDA1886F9AC00CED7B1 /* BYLBadgeViewTests */,
				7F39ADB41886F9AC00CED7B1 /* Frameworks */,
				7F39ADB31886F9AC00CED7B1 /* Products */,
			);
			sourceTree = "<group>";
		};
		7F39ADB31886F9AC00CED7B1 /* Products */ = {
			isa = PBXGroup;
			children = (
				7F39ADB21886F9AC00CED7B1 /* BYLBadgeView.app */,
				7F39ADD31886F9AC00CED7B1 /* BYLBadgeViewTests.xctest */,
			);
			name = Products;
			sourceTree = "<group>";
		};
		7F39ADB41886F9AC00CED7B1 /* Frameworks */ = {
			isa = PBXGroup;
			children = (
				7F39ADB51886F9AC00CED7B1 /* Foundation.framework */,
				7F39ADB71886F9AC00CED7B1 /* CoreGraphics.framework */,
				7F39ADB91886F9AC00CED7B1 /* UIKit.framework */,
				7F39ADD41886F9AC00CED7B1 /* XCTest.framework */,
			);
			name = Frameworks;
			sourceTree = "<group>";
		};
		7F39ADBB1886F9AC00CED7B1 /* BYLBadgeView */ = {
			isa = PBXGroup;
			children = (
				7F39ADC41886F9AC00CED7B1 /* AppDelegate.h */,
				7F39ADC51886F9AC00CED7B1 /* AppDelegate.m */,
				7F39ADEA1886F9E600CED7B1 /* BYLBadgeView.h */,
				7F39ADEB1886F9E600CED7B1 /* BYLBadgeView.m */,
				7F39ADCD1886F9AC00CED7B1 /* Images.xcassets */,
				7F39ADC71886F9AC00CED7B1 /* Main.storyboard */,
				7F39ADBC1886F9AC00CED7B1 /* Supporting Files */,
				7F39ADCA1886F9AC00CED7B1 /* ViewController.h */,
				7F39ADCB1886F9AC00CED7B1 /* ViewController.m */,
				7F39ADEF18870D0200CED7B1 /* BYLBadgeViewLayer.h */,
				7F39ADF018870D0200CED7B1 /* BYLBadgeViewLayer.m */,
			);
			path = BYLBadgeView;
			sourceTree = "<group>";
		};
		7F39ADBC1886F9AC00CED7B1 /* Supporting Files */ = {
			isa = PBXGroup;
			children = (
				7F39ADBD1886F9AC00CED7B1 /* BYLBadgeView-Info.plist */,
				7F39ADBE1886F9AC00CED7B1 /* InfoPlist.strings */,
				7F39ADC11886F9AC00CED7B1 /* main.m */,
				7F39ADC31886F9AC00CED7B1 /* BYLBadgeView-Prefix.pch */,
			);
			name = "Supporting Files";
			sourceTree = "<group>";
		};
		7F39ADDA1886F9AC00CED7B1 /* BYLBadgeViewTests */ = {
			isa = PBXGroup;
			children = (
				7F39ADDB1886F9AC00CED7B1 /* Supporting Files */,
				7F39ADED1886FA0E00CED7B1 /* BYLBadgeView_Tests.m */,
				7F39ADF218870D1400CED7B1 /* BYLBadgeViewLayer_Tests.m */,
			);
			path = BYLBadgeViewTests;
			sourceTree = "<group>";
		};
		7F39ADDB1886F9AC00CED7B1 /* Supporting Files */ = {
			isa = PBXGroup;
			children = (
				7F39ADDC1886F9AC00CED7B1 /* BYLBadgeViewTests-Info.plist */,
				7F39ADDD1886F9AC00CED7B1 /* InfoPlist.strings */,
			);
			name = "Supporting Files";
			sourceTree = "<group>";
		};
/* End PBXGroup section */

/* Begin PBXNativeTarget section */
		7F39ADB11886F9AC00CED7B1 /* BYLBadgeView */ = {
			isa = PBXNativeTarget;
			buildConfigurationList = 7F39ADE41886F9AC00CED7B1 /* Build configuration list for PBXNativeTarget "BYLBadgeView" */;
			buildPhases = (
				7F39ADAE1886F9AC00CED7B1 /* Sources */,
				7F39ADAF1886F9AC00CED7B1 /* Frameworks */,
				7F39ADB01886F9AC00CED7B1 /* Resources */,
			);
			buildRules = (
			);
			dependencies = (
			);
			name = BYLBadgeView;
			productName = BYLBadgeView;
			productReference = 7F39ADB21886F9AC00CED7B1 /* BYLBadgeView.app */;
			productType = "com.apple.product-type.application";
		};
		7F39ADD21886F9AC00CED7B1 /* BYLBadgeViewTests */ = {
			isa = PBXNativeTarget;
			buildConfigurationList = 7F39ADE71886F9AC00CED7B1 /* Build configuration list for PBXNativeTarget "BYLBadgeViewTests" */;
			buildPhases = (
				7F39ADCF1886F9AC00CED7B1 /* Sources */,
				7F39ADD01886F9AC00CED7B1 /* Frameworks */,
				7F39ADD11886F9AC00CED7B1 /* Resources */,
			);
			buildRules = (
			);
			dependencies = (
				7F39ADD91886F9AC00CED7B1 /* PBXTargetDependency */,
			);
			name = BYLBadgeViewTests;
			productName = BYLBadgeViewTests;
			productReference = 7F39ADD31886F9AC00CED7B1 /* BYLBadgeViewTests.xctest */;
			productType = "com.apple.product-type.bundle.unit-test";
		};
/* End PBXNativeTarget section */

/* Begin PBXProject section */
		7F39ADAA1886F9AC00CED7B1 /* Project object */ = {
			isa = PBXProject;
			attributes = {
				LastUpgradeCheck = 0510;
				ORGANIZATIONNAME = "James Richard";
				TargetAttributes = {
					7F39ADD21886F9AC00CED7B1 = {
						TestTargetID = 7F39ADB11886F9AC00CED7B1;
					};
				};
			};
			buildConfigurationList = 7F39ADAD1886F9AC00CED7B1 /* Build configuration list for PBXProject "BYLBadgeView" */;
			compatibilityVersion = "Xcode 3.2";
			developmentRegion = English;
			hasScannedForEncodings = 0;
			knownRegions = (
				en,
				Base,
			);
			mainGroup = 7F39ADA91886F9AC00CED7B1;
			productRefGroup = 7F39ADB31886F9AC00CED7B1 /* Products */;
			projectDirPath = "";
			projectRoot = "";
			targets = (
				7F39ADB11886F9AC00CED7B1 /* BYLBadgeView */,
				7F39ADD21886F9AC00CED7B1 /* BYLBadgeViewTests */,
			);
		};
/* End PBXProject section */

/* Begin PBXResourcesBuildPhase section */
		7F39ADB01886F9AC00CED7B1 /* Resources */ = {
			isa = PBXResourcesBuildPhase;
			buildActionMask = 2147483647;
			files = (
				7F39ADCE1886F9AC00CED7B1 /* Images.xcassets in Resources */,
				7F39ADC01886F9AC00CED7B1 /* InfoPlist.strings in Resources */,
				7F39ADC91886F9AC00CED7B1 /* Main.storyboard in Resources */,
			);
			runOnlyForDeploymentPostprocessing = 0;
		};
		7F39ADD11886F9AC00CED7B1 /* Resources */ = {
			isa = PBXResourcesBuildPhase;
			buildActionMask = 2147483647;
			files = (
				7F39ADDF1886F9AC00CED7B1 /* InfoPlist.strings in Resources */,
			);
			runOnlyForDeploymentPostprocessing = 0;
		};
/* End PBXResourcesBuildPhase section */

/* Begin PBXSourcesBuildPhase section */
		7F39ADAE1886F9AC00CED7B1 /* Sources */ = {
			isa = PBXSourcesBuildPhase;
			buildActionMask = 2147483647;
			files = (
				7F39ADCC1886F9AC00CED7B1 /* ViewController.m in Sources */,
				7F39ADC61886F9AC00CED7B1 /* AppDelegate.m in Sources */,
				7F39ADEC1886F9E600CED7B1 /* BYLBadgeView.m in Sources */,
				7F39ADF118870D0200CED7B1 /* BYLBadgeViewLayer.m in Sources */,
				7F39ADC21886F9AC00CED7B1 /* main.m in Sources */,
			);
			runOnlyForDeploymentPostprocessing = 0;
		};
		7F39ADCF1886F9AC00CED7B1 /* Sources */ = {
			isa = PBXSourcesBuildPhase;
			buildActionMask = 2147483647;
			files = (
				7F39ADF318870D1400CED7B1 /* BYLBadgeViewLayer_Tests.m in Sources */,
				7F39ADEE1886FA0E00CED7B1 /* BYLBadgeView_Tests.m in Sources */,
			);
			runOnlyForDeploymentPostprocessing = 0;
		};
/* End PBXSourcesBuildPhase section */

/* Begin PBXTargetDependency section */
		7F39ADD91886F9AC00CED7B1 /* PBXTargetDependency */ = {
			isa = PBXTargetDependency;
			target = 7F39ADB11886F9AC00CED7B1 /* BYLBadgeView */;
			targetProxy = 7F39ADD81886F9AC00CED7B1 /* PBXContainerItemProxy */;
		};
/* End PBXTargetDependency section */

/* Begin PBXVariantGroup section */
		7F39ADBE1886F9AC00CED7B1 /* InfoPlist.strings */ = {
			isa = PBXVariantGroup;
			children = (
				7F39ADBF1886F9AC00CED7B1 /* en */,
			);
			name = InfoPlist.strings;
			sourceTree = "<group>";
		};
		7F39ADC71886F9AC00CED7B1 /* Main.storyboard */ = {
			isa = PBXVariantGroup;
			children = (
				7F39ADC81886F9AC00CED7B1 /* Base */,
			);
			name = Main.storyboard;
			sourceTree = "<group>";
		};
		7F39ADDD1886F9AC00CED7B1 /* InfoPlist.strings */ = {
			isa = PBXVariantGroup;
			children = (
				7F39ADDE1886F9AC00CED7B1 /* en */,
			);
			name = InfoPlist.strings;
			sourceTree = "<group>";
		};
/* End PBXVariantGroup section */

/* Begin XCBuildConfiguration section */
		7F39ADE21886F9AC00CED7B1 /* Debug */ = {
			isa = XCBuildConfiguration;
			buildSettings = {
				ALWAYS_SEARCH_USER_PATHS = NO;
				CLANG_CXX_LANGUAGE_STANDARD = "gnu++0x";
				CLANG_CXX_LIBRARY = "libc++";
				CLANG_ENABLE_MODULES = YES;
				CLANG_ENABLE_OBJC_ARC = YES;
				CLANG_WARN_BOOL_CONVERSION = YES;
				CLANG_WARN_CONSTANT_CONVERSION = YES;
				CLANG_WARN_DIRECT_OBJC_ISA_USAGE = YES_ERROR;
				CLANG_WARN_EMPTY_BODY = YES;
				CLANG_WARN_ENUM_CONVERSION = YES;
				CLANG_WARN_INT_CONVERSION = YES;
				CLANG_WARN_OBJC_ROOT_CLASS = YES_ERROR;
				CLANG_WARN__DUPLICATE_METHOD_MATCH = YES;
				"CODE_SIGN_IDENTITY[sdk=iphoneos*]" = "iPhone Developer";
				COPY_PHASE_STRIP = NO;
				GCC_C_LANGUAGE_STANDARD = gnu99;
				GCC_DYNAMIC_NO_PIC = NO;
				GCC_OPTIMIZATION_LEVEL = 0;
				GCC_PREPROCESSOR_DEFINITIONS = (
					"DEBUG=1",
					"$(inherited)",
				);
				GCC_SYMBOLS_PRIVATE_EXTERN = NO;
				GCC_WARN_64_TO_32_BIT_CONVERSION = YES;
				GCC_WARN_ABOUT_RETURN_TYPE = YES_ERROR;
				GCC_WARN_UNDECLARED_SELECTOR = YES;
				GCC_WARN_UNINITIALIZED_AUTOS = YES;
				GCC_WARN_UNUSED_FUNCTION = YES;
				GCC_WARN_UNUSED_VARIABLE = YES;
				IPHONEOS_DEPLOYMENT_TARGET = 7.0;
				ONLY_ACTIVE_ARCH = YES;
				SDKROOT = iphoneos;
			};
			name = Debug;
		};
		7F39ADE31886F9AC00CED7B1 /* Release */ = {
			isa = XCBuildConfiguration;
			buildSettings = {
				ALWAYS_SEARCH_USER_PATHS = NO;
				CLANG_CXX_LANGUAGE_STANDARD = "gnu++0x";
				CLANG_CXX_LIBRARY = "libc++";
				CLANG_ENABLE_MODULES = YES;
				CLANG_ENABLE_OBJC_ARC = YES;
				CLANG_WARN_BOOL_CONVERSION = YES;
				CLANG_WARN_CONSTANT_CONVERSION = YES;
				CLANG_WARN_DIRECT_OBJC_ISA_USAGE = YES_ERROR;
				CLANG_WARN_EMPTY_BODY = YES;
				CLANG_WARN_ENUM_CONVERSION = YES;
				CLANG_WARN_INT_CONVERSION = YES;
				CLANG_WARN_OBJC_ROOT_CLASS = YES_ERROR;
				CLANG_WARN__DUPLICATE_METHOD_MATCH = YES;
				"CODE_SIGN_IDENTITY[sdk=iphoneos*]" = "iPhone Developer";
				COPY_PHASE_STRIP = YES;
				ENABLE_NS_ASSERTIONS = NO;
				GCC_C_LANGUAGE_STANDARD = gnu99;
				GCC_WARN_64_TO_32_BIT_CONVERSION = YES;
				GCC_WARN_ABOUT_RETURN_TYPE = YES_ERROR;
				GCC_WARN_UNDECLARED_SELECTOR = YES;
				GCC_WARN_UNINITIALIZED_AUTOS = YES;
				GCC_WARN_UNUSED_FUNCTION = YES;
				GCC_WARN_UNUSED_VARIABLE = YES;
				IPHONEOS_DEPLOYMENT_TARGET = 7.0;
				SDKROOT = iphoneos;
				VALIDATE_PRODUCT = YES;
			};
			name = Release;
		};
		7F39ADE51886F9AC00CED7B1 /* Debug */ = {
			isa = XCBuildConfiguration;
			buildSettings = {
				ASSETCATALOG_COMPILER_APPICON_NAME = AppIcon;
				ASSETCATALOG_COMPILER_LAUNCHIMAGE_NAME = LaunchImage;
				GCC_PRECOMPILE_PREFIX_HEADER = YES;
				GCC_PREFIX_HEADER = "BYLBadgeView/BYLBadgeView-Prefix.pch";
				INFOPLIST_FILE = "BYLBadgeView/BYLBadgeView-Info.plist";
				PRODUCT_NAME = "$(TARGET_NAME)";
				WRAPPER_EXTENSION = app;
			};
			name = Debug;
		};
		7F39ADE61886F9AC00CED7B1 /* Release */ = {
			isa = XCBuildConfiguration;
			buildSettings = {
				ASSETCATALOG_COMPILER_APPICON_NAME = AppIcon;
				ASSETCATALOG_COMPILER_LAUNCHIMAGE_NAME = LaunchImage;
				GCC_PRECOMPILE_PREFIX_HEADER = YES;
				GCC_PREFIX_HEADER = "BYLBadgeView/BYLBadgeView-Prefix.pch";
				INFOPLIST_FILE = "BYLBadgeView/BYLBadgeView-Info.plist";
				PRODUCT_NAME = "$(TARGET_NAME)";
				WRAPPER_EXTENSION = app;
			};
			name = Release;
		};
		7F39ADE81886F9AC00CED7B1 /* Debug */ = {
			isa = XCBuildConfiguration;
			buildSettings = {
				BUNDLE_LOADER = "$(BUILT_PRODUCTS_DIR)/BYLBadgeView.app/BYLBadgeView";
				FRAMEWORK_SEARCH_PATHS = (
					"$(SDKROOT)/Developer/Library/Frameworks",
					"$(inherited)",
					"$(DEVELOPER_FRAMEWORKS_DIR)",
				);
				GCC_PRECOMPILE_PREFIX_HEADER = YES;
				GCC_PREFIX_HEADER = "BYLBadgeView/BYLBadgeView-Prefix.pch";
				GCC_PREPROCESSOR_DEFINITIONS = (
					"DEBUG=1",
					"$(inherited)",
				);
				INFOPLIST_FILE = "BYLBadgeViewTests/BYLBadgeViewTests-Info.plist";
				PRODUCT_NAME = "$(TARGET_NAME)";
				TEST_HOST = "$(BUNDLE_LOADER)";
				WRAPPER_EXTENSION = xctest;
			};
			name = Debug;
		};
		7F39ADE91886F9AC00CED7B1 /* Release */ = {
			isa = XCBuildConfiguration;
			buildSettings = {
				BUNDLE_LOADER = "$(BUILT_PRODUCTS_DIR)/BYLBadgeView.app/BYLBadgeView";
				FRAMEWORK_SEARCH_PATHS = (
					"$(SDKROOT)/Developer/Library/Frameworks",
					"$(inherited)",
					"$(DEVELOPER_FRAMEWORKS_DIR)",
				);
				GCC_PRECOMPILE_PREFIX_HEADER = YES;
				GCC_PREFIX_HEADER = "BYLBadgeView/BYLBadgeView-Prefix.pch";
				INFOPLIST_FILE = "BYLBadgeViewTests/BYLBadgeViewTests-Info.plist";
				PRODUCT_NAME = "$(TARGET_NAME)";
				TEST_HOST = "$(BUNDLE_LOADER)";
				WRAPPER_EXTENSION = xctest;
			};
			name = Release;
		};
/* End XCBuildConfiguration section */

/* Begin XCConfigurationList section */
		7F39ADAD1886F9AC00CED7B1 /* Build configuration list for PBXProject "BYLBadgeView" */ = {
			isa = XCConfigurationList;
			buildConfigurations = (
				7F39ADE21886F9AC00CED7B1 /* Debug */,
				7F39ADE31886F9AC00CED7B1 /* Release */,
			);
			defaultConfigurationIsVisible = 0;
			defaultConfigurationName = Release;
		};
		7F39ADE41886F9AC00CED7B1 /* Build configuration list for PBXNativeTarget "BYLBadgeView" */ = {
			isa = XCConfigurationList;
			buildConfigurations = (
				7F39ADE51886F9AC00CED7B1 /* Debug */,
				7F39ADE61886F9AC00CED7B1 /* Release */,
			);
			defaultConfigurationIsVisible = 0;
			defaultConfigurationName = Release;
		};
		7F39ADE71886F9AC00CED7B1 /* Build configuration list for PBXNativeTarget "BYLBadgeViewTests" */ = {
			isa = XCConfigurationList;
			buildConfigurations = (
				7F39ADE81886F9AC00CED7B1 /* Debug */,
				7F39ADE91886F9AC00CED7B1 /* Release */,
			);
			defaultConfigurationIsVisible = 0;
			defaultConfigurationName = Release;
		};
/* End XCConfigurationList section */
	};
	rootObject = 7F39ADAA1886F9AC00CED7B1 /* Project object */;
}
